
Microsoft Visual Studio Solution File, Format Version 12.00
# Visual Studio 15
VisualStudioVersion = 15.0.27428.2015
MinimumVisualStudioVersion = 10.0.40219.1
Project("{FAE04EC0-301F-11D3-BF4B-00C04F79EFBC}") = "Net.S.2018.Zenovich.20", "Net.S.2018.Zenovich.20\Net.S.2018.Zenovich.20.csproj", "{BCDB0B0B-36C1-4496-BA35-D004BD252ADD}"
EndProject
Global
	GlobalSection(SolutionConfigurationPlatforms) = preSolution
		Debug|Any CPU = Debug|Any CPU
		Release|Any CPU = Release|Any CPU
	EndGlobalSection
	GlobalSection(ProjectConfigurationPlatforms) = postSolution
		{BCDB0B0B-36C1-4496-BA35-D004BD252ADD}.Debug|Any CPU.ActiveCfg = Debug|Any CPU
		{BCDB0B0B-36C1-4496-BA35-D004BD252ADD}.Debug|Any CPU.Build.0 = Debug|Any CPU
		{BCDB0B0B-36C1-4496-BA35-D004BD252ADD}.Release|Any CPU.ActiveCfg = Release|Any CPU
		{BCDB0B0B-36C1-4496-BA35-D004BD252ADD}.Release|Any CPU.Build.0 = Release|Any CPU
	EndGlobalSection
	GlobalSection(SolutionProperties) = preSolution
		HideSolutionNode = FALSE
	EndGlobalSection
	GlobalSection(ExtensibilityGlobals) = postSolution
		SolutionGuid = {74C57282-04F0-48F2-9EDA-165BA7C04D75}
	EndGlobalSection
EndGlobal
